
Microsoft Visual Studio Solution File, Format Version 12.00
# Visual Studio Version 16
VisualStudioVersion = 16.0.808.1
MinimumVisualStudioVersion = 10.0.40219.1
Project("{9A19103F-16F7-4668-BE54-9A1E7A4F7556}") = "OVRSharp", "OVRSharp\OVRSharp.csproj", "{DA0D98B4-9F23-414E-9B9F-CD8F113992BE}"
EndProject
Project("{9A19103F-16F7-4668-BE54-9A1E7A4F7556}") = "OVRSharp.Graphics.OpenGL", "OVRSharp.Graphics.OpenGL\OVRSharp.Graphics.OpenGL.csproj", "{ABEE1C23-AC02-4E6E-AC02-EAA0205BE84B}"
EndProject
Project("{9A19103F-16F7-4668-BE54-9A1E7A4F7556}") = "OVRSharp.Graphics.OpenGL.Tests", "tests\OVRSharp.Graphics.OpenGL.Tests\OVRSharp.Graphics.OpenGL.Tests.csproj", "{C78CB0B3-9DCF-4083-A234-C5FB2661A9B3}"
EndProject
Project("{2150E333-8FDC-42A3-9474-1A3956D46DE8}") = "src", "src", "{EDA24C40-CE58-429D-A903-19BDE6D024E6}"
EndProject
Project("{2150E333-8FDC-42A3-9474-1A3956D46DE8}") = "tests", "tests", "{AC203731-548C-4C7D-95BD-AAA6D7D288FC}"
EndProject
Project("{9A19103F-16F7-4668-BE54-9A1E7A4F7556}") = "OVRSharp.Graphics.DirectX", "OVRSharp.Graphics.DirectX\OVRSharp.Graphics.DirectX.csproj", "{AF840E83-0D65-4558-8086-F19491B4532B}"
EndProject
Project("{FAE04EC0-301F-11D3-BF4B-00C04F79EFBC}") = "OVRSharp.Graphics.DirectX.Tests", "tests\OVRSharp.Graphics.DirectX.Tests\OVRSharp.Graphics.DirectX.Tests.csproj", "{80860435-8D24-48BB-BA3A-25ECB6AA6E0A}"
EndProject
Global
	GlobalSection(SolutionConfigurationPlatforms) = preSolution
		Debug|Any CPU = Debug|Any CPU
		Release|Any CPU = Release|Any CPU
	EndGlobalSection
	GlobalSection(ProjectConfigurationPlatforms) = postSolution
		{DA0D98B4-9F23-414E-9B9F-CD8F113992BE}.Debug|Any CPU.ActiveCfg = Debug|Any CPU
		{DA0D98B4-9F23-414E-9B9F-CD8F113992BE}.Debug|Any CPU.Build.0 = Debug|Any CPU
		{DA0D98B4-9F23-414E-9B9F-CD8F113992BE}.Release|Any CPU.ActiveCfg = Release|Any CPU
		{DA0D98B4-9F23-414E-9B9F-CD8F113992BE}.Release|Any CPU.Build.0 = Release|Any CPU
		{ABEE1C23-AC02-4E6E-AC02-EAA0205BE84B}.Debug|Any CPU.ActiveCfg = Debug|Any CPU
		{ABEE1C23-AC02-4E6E-AC02-EAA0205BE84B}.Debug|Any CPU.Build.0 = Debug|Any CPU
		{ABEE1C23-AC02-4E6E-AC02-EAA0205BE84B}.Release|Any CPU.ActiveCfg = Release|Any CPU
		{ABEE1C23-AC02-4E6E-AC02-EAA0205BE84B}.Release|Any CPU.Build.0 = Release|Any CPU
		{C78CB0B3-9DCF-4083-A234-C5FB2661A9B3}.Debug|Any CPU.ActiveCfg = Debug|Any CPU
		{C78CB0B3-9DCF-4083-A234-C5FB2661A9B3}.Debug|Any CPU.Build.0 = Debug|Any CPU
		{C78CB0B3-9DCF-4083-A234-C5FB2661A9B3}.Release|Any CPU.ActiveCfg = Release|Any CPU
		{C78CB0B3-9DCF-4083-A234-C5FB2661A9B3}.Release|Any CPU.Build.0 = Release|Any CPU
		{AF840E83-0D65-4558-8086-F19491B4532B}.Debug|Any CPU.ActiveCfg = Debug|Any CPU
		{AF840E83-0D65-4558-8086-F19491B4532B}.Debug|Any CPU.Build.0 = Debug|Any CPU
		{AF840E83-0D65-4558-8086-F19491B4532B}.Release|Any CPU.ActiveCfg = Release|Any CPU
		{AF840E83-0D65-4558-8086-F19491B4532B}.Release|Any CPU.Build.0 = Release|Any CPU
		{80860435-8D24-48BB-BA3A-25ECB6AA6E0A}.Debug|Any CPU.ActiveCfg = Debug|Any CPU
		{80860435-8D24-48BB-BA3A-25ECB6AA6E0A}.Debug|Any CPU.Build.0 = Debug|Any CPU
		{80860435-8D24-48BB-BA3A-25ECB6AA6E0A}.Release|Any CPU.ActiveCfg = Release|Any CPU
		{80860435-8D24-48BB-BA3A-25ECB6AA6E0A}.Release|Any CPU.Build.0 = Release|Any CPU
	EndGlobalSection
	GlobalSection(SolutionProperties) = preSolution
		HideSolutionNode = FALSE
	EndGlobalSection
	GlobalSection(NestedProjects) = preSolution
		{DA0D98B4-9F23-414E-9B9F-CD8F113992BE} = {EDA24C40-CE58-429D-A903-19BDE6D024E6}
		{ABEE1C23-AC02-4E6E-AC02-EAA0205BE84B} = {EDA24C40-CE58-429D-A903-19BDE6D024E6}
		{C78CB0B3-9DCF-4083-A234-C5FB2661A9B3} = {AC203731-548C-4C7D-95BD-AAA6D7D288FC}
		{AF840E83-0D65-4558-8086-F19491B4532B} = {EDA24C40-CE58-429D-A903-19BDE6D024E6}
		{80860435-8D24-48BB-BA3A-25ECB6AA6E0A} = {AC203731-548C-4C7D-95BD-AAA6D7D288FC}
	EndGlobalSection
	GlobalSection(ExtensibilityGlobals) = postSolution
		SolutionGuid = {93984CAB-8CA9-430A-8166-5E2B339CA8A8}
	EndGlobalSection
EndGlobal
